
Microsoft Visual Studio Solution File, Format Version 12.00
# Visual Studio Version 16
VisualStudioVersion = 16.0.30711.63
MinimumVisualStudioVersion = 10.0.40219.1
Project("{FAE04EC0-301F-11D3-BF4B-00C04F79EFBC}") = "CoviDotNet", "CoviDotNet\CoviDotNet.csproj", "{1194726D-F763-4061-A605-6089291BCAB2}"
EndProject
Global
	GlobalSection(SolutionConfigurationPlatforms) = preSolution
		Debug|Any CPU = Debug|Any CPU
		Release|Any CPU = Release|Any CPU
	EndGlobalSection
	GlobalSection(ProjectConfigurationPlatforms) = postSolution
		{1194726D-F763-4061-A605-6089291BCAB2}.Debug|Any CPU.ActiveCfg = Debug|Any CPU
		{1194726D-F763-4061-A605-6089291BCAB2}.Debug|Any CPU.Build.0 = Debug|Any CPU
		{1194726D-F763-4061-A605-6089291BCAB2}.Release|Any CPU.ActiveCfg = Release|Any CPU
		{1194726D-F763-4061-A605-6089291BCAB2}.Release|Any CPU.Build.0 = Release|Any CPU
	EndGlobalSection
	GlobalSection(SolutionProperties) = preSolution
		HideSolutionNode = FALSE
	EndGlobalSection
	GlobalSection(ExtensibilityGlobals) = postSolution
		SolutionGuid = {CD173FAA-F2E4-4112-8561-FDB7BF78603E}
	EndGlobalSection
EndGlobal
